// !$*UTF8*$!
{
	archiveVersion = 1;
	classes = {
	};
	objectVersion = 77;
	objects = {

/* Begin PBXContainerItemProxy section */
		8B5637182DF0F564004B7BD4 /* PBXContainerItemProxy */ = {
			isa = PBXContainerItemProxy;
			containerPortal = 8B5636FF2DF0F561004B7BD4 /* Project object */;
			proxyType = 1;
			remoteGlobalIDString = 8B5637062DF0F561004B7BD4;
			remoteInfo = apple_lab13_02_crud_api_rest;
		};
		8B5637222DF0F564004B7BD4 /* PBXContainerItemProxy */ = {
			isa = PBXContainerItemProxy;
			containerPortal = 8B5636FF2DF0F561004B7BD4 /* Project object */;
			proxyType = 1;
			remoteGlobalIDString = 8B5637062DF0F561004B7BD4;
			remoteInfo = apple_lab13_02_crud_api_rest;
		};
/* End PBXContainerItemProxy section */

/* Begin PBXFileReference section */
		8B5637072DF0F561004B7BD4 /* apple_lab13_02_crud_api_rest.app */ = {isa = PBXFileReference; explicitFileType = wrapper.application; includeInIndex = 0; path = apple_lab13_02_crud_api_rest.app; sourceTree = BUILT_PRODUCTS_DIR; };
		8B5637172DF0F564004B7BD4 /* apple_lab13_02_crud_api_restTests.xctest */ = {isa = PBXFileReference; explicitFileType = wrapper.cfbundle; includeInIndex = 0; path = apple_lab13_02_crud_api_restTests.xctest; sourceTree = BUILT_PRODUCTS_DIR; };
		8B5637212DF0F564004B7BD4 /* apple_lab13_02_crud_api_restUITests.xctest */ = {isa = PBXFileReference; explicitFileType = wrapper.cfbundle; includeInIndex = 0; path = apple_lab13_02_crud_api_restUITests.xctest; sourceTree = BUILT_PRODUCTS_DIR; };
/* End PBXFileReference section */

/* Begin PBXFileSystemSynchronizedBuildFileExceptionSet section */
		859A63A62DF3D89900215E4E /* Exceptions for "apple_lab13_02_crud_api_rest" folder in "apple_lab13_02_crud_api_rest" target */ = {
			isa = PBXFileSystemSynchronizedBuildFileExceptionSet;
			membershipExceptions = (
				"apple-lab13-02-crud-api-rest-Info.plist",
			);
			target = 8B5637062DF0F561004B7BD4 /* apple_lab13_02_crud_api_rest */;
		};
/* End PBXFileSystemSynchronizedBuildFileExceptionSet section */

/* Begin PBXFileSystemSynchronizedRootGroup section */
		8B5637092DF0F561004B7BD4 /* apple_lab13_02_crud_api_rest */ = {
			isa = PBXFileSystemSynchronizedRootGroup;
			exceptions = (
				859A63A62DF3D89900215E4E /* Exceptions for "apple_lab13_02_crud_api_rest" folder in "apple_lab13_02_crud_api_rest" target */,
			);
			path = apple_lab13_02_crud_api_rest;
			sourceTree = "<group>";
		};
		8B56371A2DF0F564004B7BD4 /* apple_lab13_02_crud_api_restTests */ = {
			isa = PBXFileSystemSynchronizedRootGroup;
			path = apple_lab13_02_crud_api_restTests;
			sourceTree = "<group>";
		};
		8B5637242DF0F564004B7BD4 /* apple_lab13_02_crud_api_restUITests */ = {
			isa = PBXFileSystemSynchronizedRootGroup;
			path = apple_lab13_02_crud_api_restUITests;
			sourceTree = "<group>";
		};
/* End PBXFileSystemSynchronizedRootGroup section */

/* Begin PBXFrameworksBuildPhase section */
		8B5637042DF0F561004B7BD4 /* Frameworks */ = {
			isa = PBXFrameworksBuildPhase;
			buildActionMask = 2147483647;
			files = (
			);
			runOnlyForDeploymentPostprocessing = 0;
		};
		8B5637142DF0F564004B7BD4 /* Frameworks */ = {
			isa = PBXFrameworksBuildPhase;
			buildActionMask = 2147483647;
			files = (
			);
			runOnlyForDeploymentPostprocessing = 0;
		};
		8B56371E2DF0F564004B7BD4 /* Frameworks */ = {
			isa = PBXFrameworksBuildPhase;
			buildActionMask = 2147483647;
			files = (
			);
			runOnlyForDeploymentPostprocessing = 0;
		};
/* End PBXFrameworksBuildPhase section */

/* Begin PBXGroup section */
		8B5636FE2DF0F561004B7BD4 = {
			isa = PBXGroup;
			children = (
				8B5637092DF0F561004B7BD4 /* apple_lab13_02_crud_api_rest */,
				8B56371A2DF0F564004B7BD4 /* apple_lab13_02_crud_api_restTests */,
				8B5637242DF0F564004B7BD4 /* apple_lab13_02_crud_api_restUITests */,
				8B5637082DF0F561004B7BD4 /* Products */,
			);
			sourceTree = "<group>";
		};
		8B5637082DF0F561004B7BD4 /* Products */ = {
			isa = PBXGroup;
			children = (
				8B5637072DF0F561004B7BD4 /* apple_lab13_02_crud_api_rest.app */,
				8B5637172DF0F564004B7BD4 /* apple_lab13_02_crud_api_restTests.xctest */,
				8B5637212DF0F564004B7BD4 /* apple_lab13_02_crud_api_restUITests.xctest */,
			);
			name = Products;
			sourceTree = "<group>";
		};
/* End PBXGroup section */

/* Begin PBXNativeTarget section */
		8B5637062DF0F561004B7BD4 /* apple_lab13_02_crud_api_rest */ = {
			isa = PBXNativeTarget;
			buildConfigurationList = 8B56372B2DF0F564004B7BD4 /* Build configuration list for PBXNativeTarget "apple_lab13_02_crud_api_rest" */;
			buildPhases = (
				8B5637032DF0F561004B7BD4 /* Sources */,
				8B5637042DF0F561004B7BD4 /* Frameworks */,
				8B5637052DF0F561004B7BD4 /* Resources */,
			);
			buildRules = (
			);
			dependencies = (
			);
			fileSystemSynchronizedGroups = (
				8B5637092DF0F561004B7BD4 /* apple_lab13_02_crud_api_rest */,
			);
			name = apple_lab13_02_crud_api_rest;
			packageProductDependencies = (
			);
			productName = apple_lab13_02_crud_api_rest;
			productReference = 8B5637072DF0F561004B7BD4 /* apple_lab13_02_crud_api_rest.app */;
			productType = "com.apple.product-type.application";
		};
		8B5637162DF0F564004B7BD4 /* apple_lab13_02_crud_api_restTests */ = {
			isa = PBXNativeTarget;
			buildConfigurationList = 8B56372E2DF0F564004B7BD4 /* Build configuration list for PBXNativeTarget "apple_lab13_02_crud_api_restTests" */;
			buildPhases = (
				8B5637132DF0F564004B7BD4 /* Sources */,
				8B5637142DF0F564004B7BD4 /* Frameworks */,
				8B5637152DF0F564004B7BD4 /* Resources */,
			);
			buildRules = (
			);
			dependencies = (
				8B5637192DF0F564004B7BD4 /* PBXTargetDependency */,
			);
			fileSystemSynchronizedGroups = (
				8B56371A2DF0F564004B7BD4 /* apple_lab13_02_crud_api_restTests */,
			);
			name = apple_lab13_02_crud_api_restTests;
			packageProductDependencies = (
			);
			productName = apple_lab13_02_crud_api_restTests;
			productReference = 8B5637172DF0F564004B7BD4 /* apple_lab13_02_crud_api_restTests.xctest */;
			productType = "com.apple.product-type.bundle.unit-test";
		};
		8B5637202DF0F564004B7BD4 /* apple_lab13_02_crud_api_restUITests */ = {
			isa = PBXNativeTarget;
			buildConfigurationList = 8B5637312DF0F564004B7BD4 /* Build configuration list for PBXNativeTarget "apple_lab13_02_crud_api_restUITests" */;
			buildPhases = (
				8B56371D2DF0F564004B7BD4 /* Sources */,
				8B56371E2DF0F564004B7BD4 /* Frameworks */,
				8B56371F2DF0F564004B7BD4 /* Resources */,
			);
			buildRules = (
			);
			dependencies = (
				8B5637232DF0F564004B7BD4 /* PBXTargetDependency */,
			);
			fileSystemSynchronizedGroups = (
				8B5637242DF0F564004B7BD4 /* apple_lab13_02_crud_api_restUITests */,
			);
			name = apple_lab13_02_crud_api_restUITests;
			packageProductDependencies = (
			);
			productName = apple_lab13_02_crud_api_restUITests;
			productReference = 8B5637212DF0F564004B7BD4 /* apple_lab13_02_crud_api_restUITests.xctest */;
			productType = "com.apple.product-type.bundle.ui-testing";
		};
/* End PBXNativeTarget section */

/* Begin PBXProject section */
		8B5636FF2DF0F561004B7BD4 /* Project object */ = {
			isa = PBXProject;
			attributes = {
				BuildIndependentTargetsInParallel = 1;
				LastSwiftUpdateCheck = 1620;
				LastUpgradeCheck = 1620;
				TargetAttributes = {
					8B5637062DF0F561004B7BD4 = {
						CreatedOnToolsVersion = 16.2;
					};
					8B5637162DF0F564004B7BD4 = {
						CreatedOnToolsVersion = 16.2;
						TestTargetID = 8B5637062DF0F561004B7BD4;
					};
					8B5637202DF0F564004B7BD4 = {
						CreatedOnToolsVersion = 16.2;
						TestTargetID = 8B5637062DF0F561004B7BD4;
					};
				};
			};
			buildConfigurationList = 8B5637022DF0F561004B7BD4 /* Build configuration list for PBXProject "apple_lab13_02_crud_api_rest" */;
			developmentRegion = en;
			hasScannedForEncodings = 0;
			knownRegions = (
				en,
				Base,
			);
			mainGroup = 8B5636FE2DF0F561004B7BD4;
			minimizedProjectReferenceProxies = 1;
			preferredProjectObjectVersion = 77;
			productRefGroup = 8B5637082DF0F561004B7BD4 /* Products */;
			projectDirPath = "";
			projectRoot = "";
			targets = (
				8B5637062DF0F561004B7BD4 /* apple_lab13_02_crud_api_rest */,
				8B5637162DF0F564004B7BD4 /* apple_lab13_02_crud_api_restTests */,
				8B5637202DF0F564004B7BD4 /* apple_lab13_02_crud_api_restUITests */,
			);
		};
/* End PBXProject section */

/* Begin PBXResourcesBuildPhase section */
		8B5637052DF0F561004B7BD4 /* Resources */ = {
			isa = PBXResourcesBuildPhase;
			buildActionMask = 2147483647;
			files = (
			);
			runOnlyForDeploymentPostprocessing = 0;
		};
		8B5637152DF0F564004B7BD4 /* Resources */ = {
			isa = PBXResourcesBuildPhase;
			buildActionMask = 2147483647;
			files = (
			);
			runOnlyForDeploymentPostprocessing = 0;
		};
		8B56371F2DF0F564004B7BD4 /* Resources */ = {
			isa = PBXResourcesBuildPhase;
			buildActionMask = 2147483647;
			files = (
			);
			runOnlyForDeploymentPostprocessing = 0;
		};
/* End PBXResourcesBuildPhase section */

/* Begin PBXSourcesBuildPhase section */
		8B5637032DF0F561004B7BD4 /* Sources */ = {
			isa = PBXSourcesBuildPhase;
			buildActionMask = 2147483647;
			files = (
			);
			runOnlyForDeploymentPostprocessing = 0;
		};
		8B5637132DF0F564004B7BD4 /* Sources */ = {
			isa = PBXSourcesBuildPhase;
			buildActionMask = 2147483647;
			files = (
			);
			runOnlyForDeploymentPostprocessing = 0;
		};
		8B56371D2DF0F564004B7BD4 /* Sources */ = {
			isa = PBXSourcesBuildPhase;
			buildActionMask = 2147483647;
			files = (
			);
			runOnlyForDeploymentPostprocessing = 0;
		};
/* End PBXSourcesBuildPhase section */

/* Begin PBXTargetDependency section */
		8B5637192DF0F564004B7BD4 /* PBXTargetDependency */ = {
			isa = PBXTargetDependency;
			target = 8B5637062DF0F561004B7BD4 /* apple_lab13_02_crud_api_rest */;
			targetProxy = 8B5637182DF0F564004B7BD4 /* PBXContainerItemProxy */;
		};
		8B5637232DF0F564004B7BD4 /* PBXTargetDependency */ = {
			isa = PBXTargetDependency;
			target = 8B5637062DF0F561004B7BD4 /* apple_lab13_02_crud_api_rest */;
			targetProxy = 8B5637222DF0F564004B7BD4 /* PBXContainerItemProxy */;
		};
/* End PBXTargetDependency section */

/* Begin XCBuildConfiguration section */
		8B5637292DF0F564004B7BD4 /* Debug */ = {
			isa = XCBuildConfiguration;
			buildSettings = {
				ALWAYS_SEARCH_USER_PATHS = NO;
				ASSETCATALOG_COMPILER_GENERATE_SWIFT_ASSET_SYMBOL_EXTENSIONS = YES;
				CLANG_ANALYZER_NONNULL = YES;
				CLANG_ANALYZER_NUMBER_OBJECT_CONVERSION = YES_AGGRESSIVE;
				CLANG_CXX_LANGUAGE_STANDARD = "gnu++20";
				CLANG_ENABLE_MODULES = YES;
				CLANG_ENABLE_OBJC_ARC = YES;
				CLANG_ENABLE_OBJC_WEAK = YES;
				CLANG_WARN_BLOCK_CAPTURE_AUTORELEASING = YES;
				CLANG_WARN_BOOL_CONVERSION = YES;
				CLANG_WARN_COMMA = YES;
				CLANG_WARN_CONSTANT_CONVERSION = YES;
				CLANG_WARN_DEPRECATED_OBJC_IMPLEMENTATIONS = YES;
				CLANG_WARN_DIRECT_OBJC_ISA_USAGE = YES_ERROR;
				CLANG_WARN_DOCUMENTATION_COMMENTS = YES;
				CLANG_WARN_EMPTY_BODY = YES;
				CLANG_WARN_ENUM_CONVERSION = YES;
				CLANG_WARN_INFINITE_RECURSION = YES;
				CLANG_WARN_INT_CONVERSION = YES;
				CLANG_WARN_NON_LITERAL_NULL_CONVERSION = YES;
				CLANG_WARN_OBJC_IMPLICIT_RETAIN_SELF = YES;
				CLANG_WARN_OBJC_LITERAL_CONVERSION = YES;
				CLANG_WARN_OBJC_ROOT_CLASS = YES_ERROR;
				CLANG_WARN_QUOTED_INCLUDE_IN_FRAMEWORK_HEADER = YES;
				CLANG_WARN_RANGE_LOOP_ANALYSIS = YES;
				CLANG_WARN_STRICT_PROTOTYPES = YES;
				CLANG_WARN_SUSPICIOUS_MOVE = YES;
				CLANG_WARN_UNGUARDED_AVAILABILITY = YES_AGGRESSIVE;
				CLANG_WARN_UNREACHABLE_CODE = YES;
				CLANG_WARN__DUPLICATE_METHOD_MATCH = YES;
				COPY_PHASE_STRIP = NO;
				DEBUG_INFORMATION_FORMAT = dwarf;
				ENABLE_STRICT_OBJC_MSGSEND = YES;
				ENABLE_TESTABILITY = YES;
				ENABLE_USER_SCRIPT_SANDBOXING = YES;
				GCC_C_LANGUAGE_STANDARD = gnu17;
				GCC_DYNAMIC_NO_PIC = NO;
				GCC_NO_COMMON_BLOCKS = YES;
				GCC_OPTIMIZATION_LEVEL = 0;
				GCC_PREPROCESSOR_DEFINITIONS = (
					"DEBUG=1",
					"$(inherited)",
				);
				GCC_WARN_64_TO_32_BIT_CONVERSION = YES;
				GCC_WARN_ABOUT_RETURN_TYPE = YES_ERROR;
				GCC_WARN_UNDECLARED_SELECTOR = YES;
				GCC_WARN_UNINITIALIZED_AUTOS = YES_AGGRESSIVE;
				GCC_WARN_UNUSED_FUNCTION = YES;
				GCC_WARN_UNUSED_VARIABLE = YES;
				IPHONEOS_DEPLOYMENT_TARGET = 18.2;
				LOCALIZATION_PREFERS_STRING_CATALOGS = YES;
				MTL_ENABLE_DEBUG_INFO = INCLUDE_SOURCE;
				MTL_FAST_MATH = YES;
				ONLY_ACTIVE_ARCH = YES;
				SDKROOT = iphoneos;
				SWIFT_ACTIVE_COMPILATION_CONDITIONS = "DEBUG $(inherited)";
				SWIFT_OPTIMIZATION_LEVEL = "-Onone";
			};
			name = Debug;
		};
		8B56372A2DF0F564004B7BD4 /* Release */ = {
			isa = XCBuildConfiguration;
			buildSettings = {
				ALWAYS_SEARCH_USER_PATHS = NO;
				ASSETCATALOG_COMPILER_GENERATE_SWIFT_ASSET_SYMBOL_EXTENSIONS = YES;
				CLANG_ANALYZER_NONNULL = YES;
				CLANG_ANALYZER_NUMBER_OBJECT_CONVERSION = YES_AGGRESSIVE;
				CLANG_CXX_LANGUAGE_STANDARD = "gnu++20";
				CLANG_ENABLE_MODULES = YES;
				CLANG_ENABLE_OBJC_ARC = YES;
				CLANG_ENABLE_OBJC_WEAK = YES;
				CLANG_WARN_BLOCK_CAPTURE_AUTORELEASING = YES;
				CLANG_WARN_BOOL_CONVERSION = YES;
				CLANG_WARN_COMMA = YES;
				CLANG_WARN_CONSTANT_CONVERSION = YES;
				CLANG_WARN_DEPRECATED_OBJC_IMPLEMENTATIONS = YES;
				CLANG_WARN_DIRECT_OBJC_ISA_USAGE = YES_ERROR;
				CLANG_WARN_DOCUMENTATION_COMMENTS = YES;
				CLANG_WARN_EMPTY_BODY = YES;
				CLANG_WARN_ENUM_CONVERSION = YES;
				CLANG_WARN_INFINITE_RECURSION = YES;
				CLANG_WARN_INT_CONVERSION = YES;
				CLANG_WARN_NON_LITERAL_NULL_CONVERSION = YES;
				CLANG_WARN_OBJC_IMPLICIT_RETAIN_SELF = YES;
				CLANG_WARN_OBJC_LITERAL_CONVERSION = YES;
				CLANG_WARN_OBJC_ROOT_CLASS = YES_ERROR;
				CLANG_WARN_QUOTED_INCLUDE_IN_FRAMEWORK_HEADER = YES;
				CLANG_WARN_RANGE_LOOP_ANALYSIS = YES;
				CLANG_WARN_STRICT_PROTOTYPES = YES;
				CLANG_WARN_SUSPICIOUS_MOVE = YES;
				CLANG_WARN_UNGUARDED_AVAILABILITY = YES_AGGRESSIVE;
				CLANG_WARN_UNREACHABLE_CODE = YES;
				CLANG_WARN__DUPLICATE_METHOD_MATCH = YES;
				COPY_PHASE_STRIP = NO;
				DEBUG_INFORMATION_FORMAT = "dwarf-with-dsym";
				ENABLE_NS_ASSERTIONS = NO;
				ENABLE_STRICT_OBJC_MSGSEND = YES;
				ENABLE_USER_SCRIPT_SANDBOXING = YES;
				GCC_C_LANGUAGE_STANDARD = gnu17;
				GCC_NO_COMMON_BLOCKS = YES;
				GCC_WARN_64_TO_32_BIT_CONVERSION = YES;
				GCC_WARN_ABOUT_RETURN_TYPE = YES_ERROR;
				GCC_WARN_UNDECLARED_SELECTOR = YES;
				GCC_WARN_UNINITIALIZED_AUTOS = YES_AGGRESSIVE;
				GCC_WARN_UNUSED_FUNCTION = YES;
				GCC_WARN_UNUSED_VARIABLE = YES;
				IPHONEOS_DEPLOYMENT_TARGET = 18.2;
				LOCALIZATION_PREFERS_STRING_CATALOGS = YES;
				MTL_ENABLE_DEBUG_INFO = NO;
				MTL_FAST_MATH = YES;
				SDKROOT = iphoneos;
				SWIFT_COMPILATION_MODE = wholemodule;
				VALIDATE_PRODUCT = YES;
			};
			name = Release;
		};
		8B56372C2DF0F564004B7BD4 /* Debug */ = {
			isa = XCBuildConfiguration;
			buildSettings = {
				ASSETCATALOG_COMPILER_APPICON_NAME = AppIcon;
				ASSETCATALOG_COMPILER_GLOBAL_ACCENT_COLOR_NAME = AccentColor;
				CODE_SIGN_STYLE = Automatic;
				CURRENT_PROJECT_VERSION = 1;
				DEVELOPMENT_ASSET_PATHS = "\"apple_lab13_02_crud_api_rest/Preview Content\"";
				ENABLE_PREVIEWS = YES;
				GENERATE_INFOPLIST_FILE = YES;
				INFOPLIST_FILE = "apple-lab13-02-crud-api-rest-Info.plist";
				INFOPLIST_KEY_UIApplicationSceneManifest_Generation = YES;
				INFOPLIST_KEY_UIApplicationSupportsIndirectInputEvents = YES;
				INFOPLIST_KEY_UILaunchScreen_Generation = YES;
				INFOPLIST_KEY_UISupportedInterfaceOrientations_iPad = "UIInterfaceOrientationPortrait UIInterfaceOrientationPortraitUpsideDown UIInterfaceOrientationLandscapeLeft UIInterfaceOrientationLandscapeRight";
				INFOPLIST_KEY_UISupportedInterfaceOrientations_iPhone = "UIInterfaceOrientationPortrait UIInterfaceOrientationLandscapeLeft UIInterfaceOrientationLandscapeRight";
				LD_RUNPATH_SEARCH_PATHS = (
					"$(inherited)",
					"@executable_path/Frameworks",
				);
				MARKETING_VERSION = 1.0;
				PRODUCT_BUNDLE_IDENTIFIER = "edu.pe.tecsup.pma.apple-lab13-02-crud-api-rest";
				PRODUCT_NAME = "$(TARGET_NAME)";
				SWIFT_EMIT_LOC_STRINGS = YES;
				SWIFT_VERSION = 5.0;
				TARGETED_DEVICE_FAMILY = "1,2";
			};
			name = Debug;
		};
		8B56372D2DF0F564004B7BD4 /* Release */ = {
			isa = XCBuildConfiguration;
			buildSettings = {
				ASSETCATALOG_COMPILER_APPICON_NAME = AppIcon;
				ASSETCATALOG_COMPILER_GLOBAL_ACCENT_COLOR_NAME = AccentColor;
				CODE_SIGN_STYLE = Automatic;
				CURRENT_PROJECT_VERSION = 1;
				DEVELOPMENT_ASSET_PATHS = "\"apple_lab13_02_crud_api_rest/Preview Content\"";
				ENABLE_PREVIEWS = YES;
				GENERATE_INFOPLIST_FILE = YES;
				INFOPLIST_FILE = "apple-lab13-02-crud-api-rest-Info.plist";
				INFOPLIST_KEY_UIApplicationSceneManifest_Generation = YES;
				INFOPLIST_KEY_UIApplicationSupportsIndirectInputEvents = YES;
				INFOPLIST_KEY_UILaunchScreen_Generation = YES;
				INFOPLIST_KEY_UISupportedInterfaceOrientations_iPad = "UIInterfaceOrientationPortrait UIInterfaceOrientationPortraitUpsideDown UIInterfaceOrientationLandscapeLeft UIInterfaceOrientationLandscapeRight";
				INFOPLIST_KEY_UISupportedInterfaceOrientations_iPhone = "UIInterfaceOrientationPortrait UIInterfaceOrientationLandscapeLeft UIInterfaceOrientationLandscapeRight";
				LD_RUNPATH_SEARCH_PATHS = (
					"$(inherited)",
					"@executable_path/Frameworks",
				);
				MARKETING_VERSION = 1.0;
				PRODUCT_BUNDLE_IDENTIFIER = "edu.pe.tecsup.pma.apple-lab13-02-crud-api-rest";
				PRODUCT_NAME = "$(TARGET_NAME)";
				SWIFT_EMIT_LOC_STRINGS = YES;
				SWIFT_VERSION = 5.0;
				TARGETED_DEVICE_FAMILY = "1,2";
			};
			name = Release;
		};
		8B56372F2DF0F564004B7BD4 /* Debug */ = {
			isa = XCBuildConfiguration;
			buildSettings = {
				BUNDLE_LOADER = "$(TEST_HOST)";
				CODE_SIGN_STYLE = Automatic;
				CURRENT_PROJECT_VERSION = 1;
				GENERATE_INFOPLIST_FILE = YES;
				IPHONEOS_DEPLOYMENT_TARGET = 18.2;
				MARKETING_VERSION = 1.0;
				PRODUCT_BUNDLE_IDENTIFIER = "edu.pe.tecsup.pma.apple-lab13-02-crud-api-restTests";
				PRODUCT_NAME = "$(TARGET_NAME)";
				SWIFT_EMIT_LOC_STRINGS = NO;
				SWIFT_VERSION = 5.0;
				TARGETED_DEVICE_FAMILY = "1,2";
				TEST_HOST = "$(BUILT_PRODUCTS_DIR)/apple_lab13_02_crud_api_rest.app/$(BUNDLE_EXECUTABLE_FOLDER_PATH)/apple_lab13_02_crud_api_rest";
			};
			name = Debug;
		};
		8B5637302DF0F564004B7BD4 /* Release */ = {
			isa = XCBuildConfiguration;
			buildSettings = {
				BUNDLE_LOADER = "$(TEST_HOST)";
				CODE_SIGN_STYLE = Automatic;
				CURRENT_PROJECT_VERSION = 1;
				GENERATE_INFOPLIST_FILE = YES;
				IPHONEOS_DEPLOYMENT_TARGET = 18.2;
				MARKETING_VERSION = 1.0;
				PRODUCT_BUNDLE_IDENTIFIER = "edu.pe.tecsup.pma.apple-lab13-02-crud-api-restTests";
				PRODUCT_NAME = "$(TARGET_NAME)";
				SWIFT_EMIT_LOC_STRINGS = NO;
				SWIFT_VERSION = 5.0;
				TARGETED_DEVICE_FAMILY = "1,2";
				TEST_HOST = "$(BUILT_PRODUCTS_DIR)/apple_lab13_02_crud_api_rest.app/$(BUNDLE_EXECUTABLE_FOLDER_PATH)/apple_lab13_02_crud_api_rest";
			};
			name = Release;
		};
		8B5637322DF0F564004B7BD4 /* Debug */ = {
			isa = XCBuildConfiguration;
			buildSettings = {
				CODE_SIGN_STYLE = Automatic;
				CURRENT_PROJECT_VERSION = 1;
				GENERATE_INFOPLIST_FILE = YES;
				MARKETING_VERSION = 1.0;
				PRODUCT_BUNDLE_IDENTIFIER = "edu.pe.tecsup.pma.apple-lab13-02-crud-api-restUITests";
				PRODUCT_NAME = "$(TARGET_NAME)";
				SWIFT_EMIT_LOC_STRINGS = NO;
				SWIFT_VERSION = 5.0;
				TARGETED_DEVICE_FAMILY = "1,2";
				TEST_TARGET_NAME = apple_lab13_02_crud_api_rest;
			};
			name = Debug;
		};
		8B5637332DF0F564004B7BD4 /* Release */ = {
			isa = XCBuildConfiguration;
			buildSettings = {
				CODE_SIGN_STYLE = Automatic;
				CURRENT_PROJECT_VERSION = 1;
				GENERATE_INFOPLIST_FILE = YES;
				MARKETING_VERSION = 1.0;
				PRODUCT_BUNDLE_IDENTIFIER = "edu.pe.tecsup.pma.apple-lab13-02-crud-api-restUITests";
				PRODUCT_NAME = "$(TARGET_NAME)";
				SWIFT_EMIT_LOC_STRINGS = NO;
				SWIFT_VERSION = 5.0;
				TARGETED_DEVICE_FAMILY = "1,2";
				TEST_TARGET_NAME = apple_lab13_02_crud_api_rest;
			};
			name = Release;
		};
/* End XCBuildConfiguration section */

/* Begin XCConfigurationList section */
		8B5637022DF0F561004B7BD4 /* Build configuration list for PBXProject "apple_lab13_02_crud_api_rest" */ = {
			isa = XCConfigurationList;
			buildConfigurations = (
				8B5637292DF0F564004B7BD4 /* Debug */,
				8B56372A2DF0F564004B7BD4 /* Release */,
			);
			defaultConfigurationIsVisible = 0;
			defaultConfigurationName = Release;
		};
		8B56372B2DF0F564004B7BD4 /* Build configuration list for PBXNativeTarget "apple_lab13_02_crud_api_rest" */ = {
			isa = XCConfigurationList;
			buildConfigurations = (
				8B56372C2DF0F564004B7BD4 /* Debug */,
				8B56372D2DF0F564004B7BD4 /* Release */,
			);
			defaultConfigurationIsVisible = 0;
			defaultConfigurationName = Release;
		};
		8B56372E2DF0F564004B7BD4 /* Build configuration list for PBXNativeTarget "apple_lab13_02_crud_api_restTests" */ = {
			isa = XCConfigurationList;
			buildConfigurations = (
				8B56372F2DF0F564004B7BD4 /* Debug */,
				8B5637302DF0F564004B7BD4 /* Release */,
			);
			defaultConfigurationIsVisible = 0;
			defaultConfigurationName = Release;
		};
		8B5637312DF0F564004B7BD4 /* Build configuration list for PBXNativeTarget "apple_lab13_02_crud_api_restUITests" */ = {
			isa = XCConfigurationList;
			buildConfigurations = (
				8B5637322DF0F564004B7BD4 /* Debug */,
				8B5637332DF0F564004B7BD4 /* Release */,
			);
			defaultConfigurationIsVisible = 0;
			defaultConfigurationName = Release;
		};
/* End XCConfigurationList section */
	};
	rootObject = 8B5636FF2DF0F561004B7BD4 /* Project object */;
}
